
Microsoft Visual Studio Solution File, Format Version 12.00
# Visual Studio 15
VisualStudioVersion = 15.0.27130.2036
MinimumVisualStudioVersion = 10.0.40219.1
Project("{FAE04EC0-301F-11D3-BF4B-00C04F79EFBC}") = "CC65.Console", "ProcessAsTaskTest\CC65.Console.csproj", "{74E80DFA-B0C6-4C11-B4DB-DCDDA9131D45}"
EndProject
Project("{9A19103F-16F7-4668-BE54-9A1E7A4F7556}") = "CC65", "CC65\CC65.csproj", "{00A12214-A3C3-4A9E-8A8A-DF1DE8BF3D5D}"
EndProject
Global
	GlobalSection(SolutionConfigurationPlatforms) = preSolution
		Debug|Any CPU = Debug|Any CPU
		Release|Any CPU = Release|Any CPU
	EndGlobalSection
	GlobalSection(ProjectConfigurationPlatforms) = postSolution
		{74E80DFA-B0C6-4C11-B4DB-DCDDA9131D45}.Debug|Any CPU.ActiveCfg = Debug|Any CPU
		{74E80DFA-B0C6-4C11-B4DB-DCDDA9131D45}.Debug|Any CPU.Build.0 = Debug|Any CPU
		{74E80DFA-B0C6-4C11-B4DB-DCDDA9131D45}.Release|Any CPU.ActiveCfg = Release|Any CPU
		{74E80DFA-B0C6-4C11-B4DB-DCDDA9131D45}.Release|Any CPU.Build.0 = Release|Any CPU
		{00A12214-A3C3-4A9E-8A8A-DF1DE8BF3D5D}.Debug|Any CPU.ActiveCfg = Debug|Any CPU
		{00A12214-A3C3-4A9E-8A8A-DF1DE8BF3D5D}.Debug|Any CPU.Build.0 = Debug|Any CPU
		{00A12214-A3C3-4A9E-8A8A-DF1DE8BF3D5D}.Release|Any CPU.ActiveCfg = Release|Any CPU
		{00A12214-A3C3-4A9E-8A8A-DF1DE8BF3D5D}.Release|Any CPU.Build.0 = Release|Any CPU
	EndGlobalSection
	GlobalSection(SolutionProperties) = preSolution
		HideSolutionNode = FALSE
	EndGlobalSection
	GlobalSection(ExtensibilityGlobals) = postSolution
		SolutionGuid = {73EA6B21-A5C7-4AFD-A0E4-7F35DEE9B659}
	EndGlobalSection
EndGlobal
